
Microsoft Visual Studio Solution File, Format Version 12.00
# Visual Studio 15
VisualStudioVersion = 15.0.27004.2010
MinimumVisualStudioVersion = 10.0.40219.1
Project("{FAE04EC0-301F-11D3-BF4B-00C04F79EFBC}") = "GoogleVisionAPI_App", "GoogleVisionAPI_App\GoogleVisionAPI_App.csproj", "{1EF0D236-94CF-4F45-82E4-2B125E29DAE1}"
EndProject
Project("{930C7802-8A8C-48F9-8165-68863BCCD9DD}") = "GoogleVisionApp_Setup", "GoogleVisionApp_Setup\GoogleVisionApp_Setup.wixproj", "{23FA4A51-E04E-4A9F-B7C7-FC19CD3B8C6A}"
EndProject
Global
	GlobalSection(SolutionConfigurationPlatforms) = preSolution
		Debug|Any CPU = Debug|Any CPU
		Debug|x86 = Debug|x86
		Release|Any CPU = Release|Any CPU
		Release|x86 = Release|x86
	EndGlobalSection
	GlobalSection(ProjectConfigurationPlatforms) = postSolution
		{1EF0D236-94CF-4F45-82E4-2B125E29DAE1}.Debug|Any CPU.ActiveCfg = Debug|Any CPU
		{1EF0D236-94CF-4F45-82E4-2B125E29DAE1}.Debug|Any CPU.Build.0 = Debug|Any CPU
		{1EF0D236-94CF-4F45-82E4-2B125E29DAE1}.Debug|x86.ActiveCfg = Debug|Any CPU
		{1EF0D236-94CF-4F45-82E4-2B125E29DAE1}.Debug|x86.Build.0 = Debug|Any CPU
		{1EF0D236-94CF-4F45-82E4-2B125E29DAE1}.Release|Any CPU.ActiveCfg = Release|Any CPU
		{1EF0D236-94CF-4F45-82E4-2B125E29DAE1}.Release|Any CPU.Build.0 = Release|Any CPU
		{1EF0D236-94CF-4F45-82E4-2B125E29DAE1}.Release|x86.ActiveCfg = Release|Any CPU
		{1EF0D236-94CF-4F45-82E4-2B125E29DAE1}.Release|x86.Build.0 = Release|Any CPU
		{23FA4A51-E04E-4A9F-B7C7-FC19CD3B8C6A}.Debug|Any CPU.ActiveCfg = Debug|x86
		{23FA4A51-E04E-4A9F-B7C7-FC19CD3B8C6A}.Debug|x86.ActiveCfg = Debug|x86
		{23FA4A51-E04E-4A9F-B7C7-FC19CD3B8C6A}.Debug|x86.Build.0 = Debug|x86
		{23FA4A51-E04E-4A9F-B7C7-FC19CD3B8C6A}.Release|Any CPU.ActiveCfg = Release|x86
		{23FA4A51-E04E-4A9F-B7C7-FC19CD3B8C6A}.Release|x86.ActiveCfg = Release|x86
		{23FA4A51-E04E-4A9F-B7C7-FC19CD3B8C6A}.Release|x86.Build.0 = Release|x86
	EndGlobalSection
	GlobalSection(SolutionProperties) = preSolution
		HideSolutionNode = FALSE
	EndGlobalSection
	GlobalSection(ExtensibilityGlobals) = postSolution
		SolutionGuid = {1799D653-8C73-4EC0-8004-55372C0028A8}
	EndGlobalSection
EndGlobal
